
Microsoft Visual Studio Solution File, Format Version 12.00
# Visual Studio 15
Project("{FAE04EC0-301F-11D3-BF4B-00C04F79EFBC}") = "Section01", "Section01\Section01.csproj", "{E633BCA5-9699-4ADF-B6DA-41748404914C}"
EndProject
Project("{FAE04EC0-301F-11D3-BF4B-00C04F79EFBC}") = "Section05_TextRPG2", "Section05_TextRPG2\Section05_TextRPG2.csproj", "{42D95DCA-2E00-42C5-9A0E-D0618CCBD93A}"
EndProject
Project("{FAE04EC0-301F-11D3-BF4B-00C04F79EFBC}") = "Section02", "Section02\Section02.csproj", "{AB002C13-38E3-4811-9C83-4F953D4F4651}"
EndProject
Project("{FAE04EC0-301F-11D3-BF4B-00C04F79EFBC}") = "Section02_Practice1", "Section02_Practice1\Section02_Practice1.csproj", "{E4317939-D9AD-4658-9012-DDA9E4A47396}"
EndProject
Project("{FAE04EC0-301F-11D3-BF4B-00C04F79EFBC}") = "Section02_Practice2", "Section02_Practice2\Section02_Practice2.csproj", "{69D938D4-439A-45B2-986F-464E6B96A5E7}"
EndProject
Project("{FAE04EC0-301F-11D3-BF4B-00C04F79EFBC}") = "Section02_Practice3", "Section02_Practice3\Section02_Practice3.csproj", "{30B85253-F3DE-4CA4-B553-5F48690DBB7B}"
EndProject
Project("{FAE04EC0-301F-11D3-BF4B-00C04F79EFBC}") = "Section03_TextRPG", "Section03_TextRPG\Section03_TextRPG.csproj", "{8458A6DE-B4AF-45AE-A03A-687D82D0E354}"
EndProject
Project("{FAE04EC0-301F-11D3-BF4B-00C04F79EFBC}") = "Section06", "Section06\Section06.csproj", "{052B204B-11D8-4433-87AD-94EA90E3AD67}"
EndProject
Project("{FAE04EC0-301F-11D3-BF4B-00C04F79EFBC}") = "Section07", "Section07\Section07.csproj", "{8EEE915D-8EC3-476D-A2B8-0C3359247D2F}"
EndProject
Global
	GlobalSection(SolutionConfigurationPlatforms) = preSolution
		Debug|anycpu = Debug|anycpu
		Release|anycpu = Release|anycpu
	EndGlobalSection
	GlobalSection(ProjectConfigurationPlatforms) = postSolution
		{E633BCA5-9699-4ADF-B6DA-41748404914C}.Debug|anycpu.ActiveCfg = Debug|anycpu
		{E633BCA5-9699-4ADF-B6DA-41748404914C}.Debug|anycpu.Build.0 = Debug|anycpu
		{E633BCA5-9699-4ADF-B6DA-41748404914C}.Release|anycpu.ActiveCfg = Release|anycpu
		{E633BCA5-9699-4ADF-B6DA-41748404914C}.Release|anycpu.Build.0 = Release|anycpu
		{42D95DCA-2E00-42C5-9A0E-D0618CCBD93A}.Debug|anycpu.ActiveCfg = Debug|anycpu
		{42D95DCA-2E00-42C5-9A0E-D0618CCBD93A}.Debug|anycpu.Build.0 = Debug|anycpu
		{42D95DCA-2E00-42C5-9A0E-D0618CCBD93A}.Release|anycpu.ActiveCfg = Release|anycpu
		{42D95DCA-2E00-42C5-9A0E-D0618CCBD93A}.Release|anycpu.Build.0 = Release|anycpu
		{AB002C13-38E3-4811-9C83-4F953D4F4651}.Debug|anycpu.ActiveCfg = Debug|anycpu
		{AB002C13-38E3-4811-9C83-4F953D4F4651}.Debug|anycpu.Build.0 = Debug|anycpu
		{AB002C13-38E3-4811-9C83-4F953D4F4651}.Release|anycpu.ActiveCfg = Release|anycpu
		{AB002C13-38E3-4811-9C83-4F953D4F4651}.Release|anycpu.Build.0 = Release|anycpu
		{E4317939-D9AD-4658-9012-DDA9E4A47396}.Debug|anycpu.ActiveCfg = Debug|anycpu
		{E4317939-D9AD-4658-9012-DDA9E4A47396}.Debug|anycpu.Build.0 = Debug|anycpu
		{E4317939-D9AD-4658-9012-DDA9E4A47396}.Release|anycpu.ActiveCfg = Release|anycpu
		{E4317939-D9AD-4658-9012-DDA9E4A47396}.Release|anycpu.Build.0 = Release|anycpu
		{69D938D4-439A-45B2-986F-464E6B96A5E7}.Debug|anycpu.ActiveCfg = Debug|anycpu
		{69D938D4-439A-45B2-986F-464E6B96A5E7}.Debug|anycpu.Build.0 = Debug|anycpu
		{69D938D4-439A-45B2-986F-464E6B96A5E7}.Release|anycpu.ActiveCfg = Release|anycpu
		{69D938D4-439A-45B2-986F-464E6B96A5E7}.Release|anycpu.Build.0 = Release|anycpu
		{30B85253-F3DE-4CA4-B553-5F48690DBB7B}.Debug|anycpu.ActiveCfg = Debug|anycpu
		{30B85253-F3DE-4CA4-B553-5F48690DBB7B}.Debug|anycpu.Build.0 = Debug|anycpu
		{30B85253-F3DE-4CA4-B553-5F48690DBB7B}.Release|anycpu.ActiveCfg = Release|anycpu
		{30B85253-F3DE-4CA4-B553-5F48690DBB7B}.Release|anycpu.Build.0 = Release|anycpu
		{8458A6DE-B4AF-45AE-A03A-687D82D0E354}.Debug|anycpu.ActiveCfg = Debug|anycpu
		{8458A6DE-B4AF-45AE-A03A-687D82D0E354}.Debug|anycpu.Build.0 = Debug|anycpu
		{8458A6DE-B4AF-45AE-A03A-687D82D0E354}.Release|anycpu.ActiveCfg = Release|anycpu
		{8458A6DE-B4AF-45AE-A03A-687D82D0E354}.Release|anycpu.Build.0 = Release|anycpu
		{052B204B-11D8-4433-87AD-94EA90E3AD67}.Debug|anycpu.ActiveCfg = Debug|anycpu
		{052B204B-11D8-4433-87AD-94EA90E3AD67}.Debug|anycpu.Build.0 = Debug|anycpu
		{052B204B-11D8-4433-87AD-94EA90E3AD67}.Release|anycpu.ActiveCfg = Release|anycpu
		{052B204B-11D8-4433-87AD-94EA90E3AD67}.Release|anycpu.Build.0 = Release|anycpu
		{8EEE915D-8EC3-476D-A2B8-0C3359247D2F}.Debug|anycpu.ActiveCfg = Debug|anycpu
		{8EEE915D-8EC3-476D-A2B8-0C3359247D2F}.Debug|anycpu.Build.0 = Debug|anycpu
		{8EEE915D-8EC3-476D-A2B8-0C3359247D2F}.Release|anycpu.ActiveCfg = Release|anycpu
		{8EEE915D-8EC3-476D-A2B8-0C3359247D2F}.Release|anycpu.Build.0 = Release|anycpu
	EndGlobalSection
EndGlobal
